
Microsoft Visual Studio Solution File, Format Version 12.00
Project("{FAE04EC0-301F-11D3-BF4B-00C04F79EFBC}") = "Csharp-code-school", "Csharp-code-school\Csharp-code-school.csproj", "{32F03BAE-BA58-4FC0-B03B-97E755033AF9}"
EndProject
Project("{2150E333-8FDC-42A3-9474-1A3956D46DE8}") = "School-projects", "School-projects", "{ECC6E486-A7D8-415E-B2DE-2A33BAEDF2C5}"
EndProject
Project("{2150E333-8FDC-42A3-9474-1A3956D46DE8}") = "School-lessons", "School-lessons", "{3FB1EED6-30D6-48B2-B34E-30B32194B3D4}"
EndProject
Project("{2150E333-8FDC-42A3-9474-1A3956D46DE8}") = "Exercises", "Exercises", "{BB4677EC-A0E5-4746-ACFA-5538FFA21CA4}"
EndProject
Project("{2150E333-8FDC-42A3-9474-1A3956D46DE8}") = "Advanced", "Advanced", "{0D7858F0-9669-4088-9659-03867AC2A2BB}"
EndProject
Project("{FAE04EC0-301F-11D3-BF4B-00C04F79EFBC}") = "Lesson-25-07", "Lesson-25-07\Lesson-25-07.csproj", "{149C8925-8A6E-41F6-B51C-6382DA421C66}"
EndProject
Project("{FAE04EC0-301F-11D3-BF4B-00C04F79EFBC}") = "End-project", "End-project\End-project.csproj", "{1A1DB65A-5C48-4D81-BA18-9B30B5D51581}"
EndProject
Project("{FAE04EC0-301F-11D3-BF4B-00C04F79EFBC}") = "FileManagerProject", "FileManagerProject\FileManagerProject.csproj", "{73818BF2-C82C-4362-B241-7C8AEA6814D8}"
EndProject
Project("{FAE04EC0-301F-11D3-BF4B-00C04F79EFBC}") = "Lesson-09-10", "Lesson-09-10\Lesson-09-10.csproj", "{9E14155F-1E40-4C94-950F-EF85AE500A7D}"
EndProject
Global
	GlobalSection(SolutionConfigurationPlatforms) = preSolution
		Debug|Any CPU = Debug|Any CPU
		Release|Any CPU = Release|Any CPU
	EndGlobalSection
	GlobalSection(ProjectConfigurationPlatforms) = postSolution
		{32F03BAE-BA58-4FC0-B03B-97E755033AF9}.Debug|Any CPU.ActiveCfg = Debug|Any CPU
		{32F03BAE-BA58-4FC0-B03B-97E755033AF9}.Debug|Any CPU.Build.0 = Debug|Any CPU
		{32F03BAE-BA58-4FC0-B03B-97E755033AF9}.Release|Any CPU.ActiveCfg = Release|Any CPU
		{32F03BAE-BA58-4FC0-B03B-97E755033AF9}.Release|Any CPU.Build.0 = Release|Any CPU
		{149C8925-8A6E-41F6-B51C-6382DA421C66}.Debug|Any CPU.ActiveCfg = Debug|Any CPU
		{149C8925-8A6E-41F6-B51C-6382DA421C66}.Debug|Any CPU.Build.0 = Debug|Any CPU
		{149C8925-8A6E-41F6-B51C-6382DA421C66}.Release|Any CPU.ActiveCfg = Release|Any CPU
		{149C8925-8A6E-41F6-B51C-6382DA421C66}.Release|Any CPU.Build.0 = Release|Any CPU
		{1A1DB65A-5C48-4D81-BA18-9B30B5D51581}.Debug|Any CPU.ActiveCfg = Debug|Any CPU
		{1A1DB65A-5C48-4D81-BA18-9B30B5D51581}.Debug|Any CPU.Build.0 = Debug|Any CPU
		{1A1DB65A-5C48-4D81-BA18-9B30B5D51581}.Release|Any CPU.ActiveCfg = Release|Any CPU
		{1A1DB65A-5C48-4D81-BA18-9B30B5D51581}.Release|Any CPU.Build.0 = Release|Any CPU
		{73818BF2-C82C-4362-B241-7C8AEA6814D8}.Debug|Any CPU.ActiveCfg = Debug|Any CPU
		{73818BF2-C82C-4362-B241-7C8AEA6814D8}.Debug|Any CPU.Build.0 = Debug|Any CPU
		{73818BF2-C82C-4362-B241-7C8AEA6814D8}.Release|Any CPU.ActiveCfg = Release|Any CPU
		{73818BF2-C82C-4362-B241-7C8AEA6814D8}.Release|Any CPU.Build.0 = Release|Any CPU
		{9E14155F-1E40-4C94-950F-EF85AE500A7D}.Debug|Any CPU.ActiveCfg = Debug|Any CPU
		{9E14155F-1E40-4C94-950F-EF85AE500A7D}.Debug|Any CPU.Build.0 = Debug|Any CPU
		{9E14155F-1E40-4C94-950F-EF85AE500A7D}.Release|Any CPU.ActiveCfg = Release|Any CPU
		{9E14155F-1E40-4C94-950F-EF85AE500A7D}.Release|Any CPU.Build.0 = Release|Any CPU
	EndGlobalSection
	GlobalSection(NestedProjects) = preSolution
		{32F03BAE-BA58-4FC0-B03B-97E755033AF9} = {3FB1EED6-30D6-48B2-B34E-30B32194B3D4}
		{149C8925-8A6E-41F6-B51C-6382DA421C66} = {3FB1EED6-30D6-48B2-B34E-30B32194B3D4}
		{1A1DB65A-5C48-4D81-BA18-9B30B5D51581} = {3FB1EED6-30D6-48B2-B34E-30B32194B3D4}
		{73818BF2-C82C-4362-B241-7C8AEA6814D8} = {3FB1EED6-30D6-48B2-B34E-30B32194B3D4}
		{9E14155F-1E40-4C94-950F-EF85AE500A7D} = {3FB1EED6-30D6-48B2-B34E-30B32194B3D4}
	EndGlobalSection
EndGlobal
